{
    "name": "CTL-Test",
    "lockfileVersion": 2,
    "requires": true,
    "packages": {
      "": {
        "dependencies": {
          "file-saver": "^2.0.5",
          "isodate": "^0.1.4",
          "react-idle-timer": "^5.7.2",
          "sheetjs-style": "^0.15.8",
          "url-exist": "^3.0.1"
        }
      },
      "node_modules/abort-controller": {
        "version": "3.0.0",
        "resolved": "https://registry.npmjs.org/abort-controller/-/abort-controller-3.0.0.tgz",
        "integrity": "sha512-h8lQ8tacZYnR3vNQTgibj+tODHI5/+l06Au2Pcriv/Gmet0eaj4TwWH41sO9wnHDiQsEj19q0drzdWdeAHtweg==",
        "dependencies": {
          "event-target-shim": "^5.0.0"
        },
        "engines": {
          "node": ">=6.5"
        }
      },
      "node_modules/adler-32": {
        "version": "1.2.0",
        "resolved": "https://registry.npmjs.org/adler-32/-/adler-32-1.2.0.tgz",
        "integrity": "sha512-/vUqU/UY4MVeFsg+SsK6c+/05RZXIHZMGJA+PX5JyWI0ZRcBpupnRuPLU/NXXoFwMYCPCoxIfElM2eS+DUXCqQ==",
        "dependencies": {
          "exit-on-epipe": "~1.0.1",
          "printj": "~1.1.0"
        },
        "bin": {
          "adler32": "bin/adler32.njs"
        },
        "engines": {
          "node": ">=0.8"
        }
      },
      "node_modules/cfb": {
        "version": "1.2.2",
        "resolved": "https://registry.npmjs.org/cfb/-/cfb-1.2.2.tgz",
        "integrity": "sha512-KfdUZsSOw19/ObEWasvBP/Ac4reZvAGauZhs6S/gqNhXhI7cKwvlH7ulj+dOEYnca4bm4SGo8C1bTAQvnTjgQA==",
        "dependencies": {
          "adler-32": "~1.3.0",
          "crc-32": "~1.2.0"
        },
        "engines": {
          "node": ">=0.8"
        }
      },
      "node_modules/cfb/node_modules/adler-32": {
        "version": "1.3.1",
        "resolved": "https://registry.npmjs.org/adler-32/-/adler-32-1.3.1.tgz",
        "integrity": "sha512-ynZ4w/nUUv5rrsR8UUGoe1VC9hZj6V5hU9Qw1HlMDJGEJw5S7TfTErWTjMys6M7vr0YWcPqs3qAr4ss0nDfP+A==",
        "engines": {
          "node": ">=0.8"
        }
      },
      "node_modules/codepage": {
        "version": "1.14.0",
        "resolved": "https://registry.npmjs.org/codepage/-/codepage-1.14.0.tgz",
        "integrity": "sha512-iz3zJLhlrg37/gYRWgEPkaFTtzmnEv1h+r7NgZum2lFElYQPi0/5bnmuDfODHxfp0INEfnRqyfyeIJDbb7ahRw==",
        "dependencies": {
          "commander": "~2.14.1",
          "exit-on-epipe": "~1.0.1"
        },
        "bin": {
          "codepage": "bin/codepage.njs"
        },
        "engines": {
          "node": ">=0.8"
        }
      },
      "node_modules/codepage/node_modules/commander": {
        "version": "2.14.1",
        "resolved": "https://registry.npmjs.org/commander/-/commander-2.14.1.tgz",
        "integrity": "sha512-+YR16o3rK53SmWHU3rEM3tPAh2rwb1yPcQX5irVn7mb0gXbwuCCrnkbV5+PBfETdfg1vui07nM6PCG1zndcjQw=="
      },
      "node_modules/commander": {
        "version": "2.17.1",
        "resolved": "https://registry.npmjs.org/commander/-/commander-2.17.1.tgz",
        "integrity": "sha512-wPMUt6FnH2yzG95SA6mzjQOEKUU3aLaDEmzs1ti+1E9h+CsrZghRlqEM/EJ4KscsQVG8uNN4uVreUeT8+drlgg=="
      },
      "node_modules/crc-32": {
        "version": "1.2.2",
        "resolved": "https://registry.npmjs.org/crc-32/-/crc-32-1.2.2.tgz",
        "integrity": "sha512-ROmzCKrTnOwybPcJApAA6WBWij23HVfGVNKqqrZpuyZOHqK2CwHSvpGuyt/UNNvaIjEd8X5IFGp4Mh+Ie1IHJQ==",
        "bin": {
          "crc32": "bin/crc32.njs"
        },
        "engines": {
          "node": ">=0.8"
        }
      },
      "node_modules/data-uri-to-buffer": {
        "version": "4.0.1",
        "resolved": "https://registry.npmjs.org/data-uri-to-buffer/-/data-uri-to-buffer-4.0.1.tgz",
        "integrity": "sha512-0R9ikRb668HB7QDxT1vkpuUBtqc53YyAwMwGeUFKRojY/NWKvdZ+9UYtRfGmhqNbRkTSVpMbmyhXipFFv2cb/A==",
        "engines": {
          "node": ">= 12"
        }
      },
      "node_modules/event-target-shim": {
        "version": "5.0.1",
        "resolved": "https://registry.npmjs.org/event-target-shim/-/event-target-shim-5.0.1.tgz",
        "integrity": "sha512-i/2XbnSz/uxRCU6+NdVJgKWDTM427+MqYbkQzD321DuCQJUqOuJKIA0IM2+W2xtYHdKOmZ4dR6fExsd4SXL+WQ==",
        "engines": {
          "node": ">=6"
        }
      },
      "node_modules/exit-on-epipe": {
        "version": "1.0.1",
        "resolved": "https://registry.npmjs.org/exit-on-epipe/-/exit-on-epipe-1.0.1.tgz",
        "integrity": "sha512-h2z5mrROTxce56S+pnvAV890uu7ls7f1kEvVGJbw1OlFH3/mlJ5bkXu0KRyW94v37zzHPiUd55iLn3DA7TjWpw==",
        "engines": {
          "node": ">=0.8"
        }
      },
      "node_modules/fetch-blob": {
        "version": "3.2.0",
        "resolved": "https://registry.npmjs.org/fetch-blob/-/fetch-blob-3.2.0.tgz",
        "integrity": "sha512-7yAQpD2UMJzLi1Dqv7qFYnPbaPx7ZfFK6PiIxQ4PfkGPyNyl2Ugx+a/umUonmKqjhM4DnfbMvdX6otXq83soQQ==",
        "funding": [
          {
            "type": "github",
            "url": "https://github.com/sponsors/jimmywarting"
          },
          {
            "type": "paypal",
            "url": "https://paypal.me/jimmywarting"
          }
        ],
        "dependencies": {
          "node-domexception": "^1.0.0",
          "web-streams-polyfill": "^3.0.3"
        },
        "engines": {
          "node": "^12.20 || >= 14.13"
        }
      },
      "node_modules/file-saver": {
        "version": "2.0.5",
        "resolved": "https://registry.npmjs.org/file-saver/-/file-saver-2.0.5.tgz",
        "integrity": "sha512-P9bmyZ3h/PRG+Nzga+rbdI4OEpNDzAVyy74uVO9ATgzLK6VtAsYybF/+TOCvrc0MO793d6+42lLyZTw7/ArVzA=="
      },
      "node_modules/formdata-polyfill": {
        "version": "4.0.10",
        "resolved": "https://registry.npmjs.org/formdata-polyfill/-/formdata-polyfill-4.0.10.tgz",
        "integrity": "sha512-buewHzMvYL29jdeQTVILecSaZKnt/RJWjoZCF5OW60Z67/GmSLBkOFM7qh1PI3zFNtJbaZL5eQu1vLfazOwj4g==",
        "dependencies": {
          "fetch-blob": "^3.1.2"
        },
        "engines": {
          "node": ">=12.20.0"
        }
      },
      "node_modules/frac": {
        "version": "1.1.2",
        "resolved": "https://registry.npmjs.org/frac/-/frac-1.1.2.tgz",
        "integrity": "sha512-w/XBfkibaTl3YDqASwfDUqkna4Z2p9cFSr1aHDt0WoMTECnRfBOv2WArlZILlqgWlmdIlALXGpM2AOhEk5W3IA==",
        "engines": {
          "node": ">=0.8"
        }
      },
      "node_modules/is-url-superb": {
        "version": "6.1.0",
        "resolved": "https://registry.npmjs.org/is-url-superb/-/is-url-superb-6.1.0.tgz",
        "integrity": "sha512-LXdhGlYqUPdvEyIhWPEEwYYK3yrUiPcBjmFGlZNv1u5GtIL5qQRf7ddDyPNAvsMFqdzS923FROpTQU97tLe3JQ==",
        "engines": {
          "node": ">=12"
        },
        "funding": {
          "url": "https://github.com/sponsors/sindresorhus"
        }
      },
      "node_modules/isodate": {
        "version": "0.1.4",
        "resolved": "https://registry.npmjs.org/isodate/-/isodate-0.1.4.tgz",
        "integrity": "sha512-x+k+rE/TIrSjvZZC22vxOBkus8psZwPyry1fpbO86p+0VxTAIpc4dhEc0U+DKPYnoGujOUXgIHXOyBgXTB1TIg==",
        "engines": {
          "node": "*"
        }
      },
      "node_modules/js-tokens": {
        "version": "4.0.0",
        "resolved": "https://registry.npmjs.org/js-tokens/-/js-tokens-4.0.0.tgz",
        "integrity": "sha512-RdJUflcE3cUzKiMqQgsCu06FPu9UdIJO0beYbPhHN4k6apgJtifcoCtT9bcxOpYBtpD2kCM6Sbzg4CausW/PKQ==",
        "peer": true
      },
      "node_modules/ky": {
        "version": "0.27.0",
        "resolved": "https://registry.npmjs.org/ky/-/ky-0.27.0.tgz",
        "integrity": "sha512-pgaBuB6wI9DdMSOZBVh2WkcbkAdEG5AUEWuNhtThu6FLIpDbzqzC/fSMmqr/j1wwQyW3SP3KGau7EbzWNkQ/yg==",
        "engines": {
          "node": ">=12"
        },
        "funding": {
          "url": "https://github.com/sindresorhus/ky?sponsor=1"
        }
      },
      "node_modules/ky-universal": {
        "version": "0.10.1",
        "resolved": "https://registry.npmjs.org/ky-universal/-/ky-universal-0.10.1.tgz",
        "integrity": "sha512-r8909k+ELKZAxhVA5c440x22hqw5XcMRwLRbgpPQk4JHy3/ddJnvzcnSo5Ww3HdKdNeS3Y8dBgcIYyVahMa46g==",
        "dependencies": {
          "abort-controller": "^3.0.0",
          "node-fetch": "^3.2.2"
        },
        "engines": {
          "node": ">=14"
        },
        "funding": {
          "url": "https://github.com/sindresorhus/ky-universal?sponsor=1"
        },
        "peerDependencies": {
          "ky": ">=0.26.0",
          "web-streams-polyfill": ">=3.0.1"
        },
        "peerDependenciesMeta": {
          "web-streams-polyfill": {
            "optional": true
          }
        }
      },
      "node_modules/loose-envify": {
        "version": "1.4.0",
        "resolved": "https://registry.npmjs.org/loose-envify/-/loose-envify-1.4.0.tgz",
        "integrity": "sha512-lyuxPGr/Wfhrlem2CL/UcnUc1zcqKAImBDzukY7Y5F/yQiNdko6+fRLevlw1HgMySw7f611UIY408EtxRSoK3Q==",
        "peer": true,
        "dependencies": {
          "js-tokens": "^3.0.0 || ^4.0.0"
        },
        "bin": {
          "loose-envify": "cli.js"
        }
      },
      "node_modules/node-domexception": {
        "version": "1.0.0",
        "resolved": "https://registry.npmjs.org/node-domexception/-/node-domexception-1.0.0.tgz",
        "integrity": "sha512-/jKZoMpw0F8GRwl4/eLROPA3cfcXtLApP0QzLmUT/HuPCZWyB7IY9ZrMeKw2O/nFIqPQB3PVM9aYm0F312AXDQ==",
        "funding": [
          {
            "type": "github",
            "url": "https://github.com/sponsors/jimmywarting"
          },
          {
            "type": "github",
            "url": "https://paypal.me/jimmywarting"
          }
        ],
        "engines": {
          "node": ">=10.5.0"
        }
      },
      "node_modules/node-fetch": {
        "version": "3.3.1",
        "resolved": "https://registry.npmjs.org/node-fetch/-/node-fetch-3.3.1.tgz",
        "integrity": "sha512-cRVc/kyto/7E5shrWca1Wsea4y6tL9iYJE5FBCius3JQfb/4P4I295PfhgbJQBLTx6lATE4z+wK0rPM4VS2uow==",
        "dependencies": {
          "data-uri-to-buffer": "^4.0.0",
          "fetch-blob": "^3.1.4",
          "formdata-polyfill": "^4.0.10"
        },
        "engines": {
          "node": "^12.20.0 || ^14.13.1 || >=16.0.0"
        },
        "funding": {
          "type": "opencollective",
          "url": "https://opencollective.com/node-fetch"
        }
      },
      "node_modules/printj": {
        "version": "1.1.2",
        "resolved": "https://registry.npmjs.org/printj/-/printj-1.1.2.tgz",
        "integrity": "sha512-zA2SmoLaxZyArQTOPj5LXecR+RagfPSU5Kw1qP+jkWeNlrq+eJZyY2oS68SU1Z/7/myXM4lo9716laOFAVStCQ==",
        "bin": {
          "printj": "bin/printj.njs"
        },
        "engines": {
          "node": ">=0.8"
        }
      },
      "node_modules/react": {
        "version": "18.2.0",
        "resolved": "https://registry.npmjs.org/react/-/react-18.2.0.tgz",
        "integrity": "sha512-/3IjMdb2L9QbBdWiW5e3P2/npwMBaU9mHCSCUzNln0ZCYbcfTsGbTJrU/kGemdH2IWmB2ioZ+zkxtmq6g09fGQ==",
        "peer": true,
        "dependencies": {
          "loose-envify": "^1.1.0"
        },
        "engines": {
          "node": ">=0.10.0"
        }
      },
      "node_modules/react-dom": {
        "version": "18.2.0",
        "resolved": "https://registry.npmjs.org/react-dom/-/react-dom-18.2.0.tgz",
        "integrity": "sha512-6IMTriUmvsjHUjNtEDudZfuDQUoWXVxKHhlEGSk81n4YFS+r/Kl99wXiwlVXtPBtJenozv2P+hxDsw9eA7Xo6g==",
        "peer": true,
        "dependencies": {
          "loose-envify": "^1.1.0",
          "scheduler": "^0.23.0"
        },
        "peerDependencies": {
          "react": "^18.2.0"
        }
      },
      "node_modules/react-idle-timer": {
        "version": "5.7.2",
        "resolved": "https://registry.npmjs.org/react-idle-timer/-/react-idle-timer-5.7.2.tgz",
        "integrity": "sha512-+BaPfc7XEUU5JFkwZCx6fO1bLVK+RBlFH+iY4X34urvIzZiZINP6v2orePx3E6pAztJGE7t4DzvL7if2SL/0GQ==",
        "peerDependencies": {
          "react": ">=16",
          "react-dom": ">=16"
        }
      },
      "node_modules/scheduler": {
        "version": "0.23.0",
        "resolved": "https://registry.npmjs.org/scheduler/-/scheduler-0.23.0.tgz",
        "integrity": "sha512-CtuThmgHNg7zIZWAXi3AsyIzA3n4xx7aNyjwC2VJldO2LMVDhFK+63xGqq6CsJH4rTAt6/M+N4GhZiDYPx9eUw==",
        "peer": true,
        "dependencies": {
          "loose-envify": "^1.1.0"
        }
      },
      "node_modules/sheetjs-style": {
        "version": "0.15.8",
        "resolved": "https://registry.npmjs.org/sheetjs-style/-/sheetjs-style-0.15.8.tgz",
        "integrity": "sha512-/wRiwnq5ck7aO+zLBs+u5JqQK4agUTIGCS0nxgaMjFl6XdlVaaB/RNJcP6S6Efj3+RYbSZuAoyqmSnbzxfT7Kg==",
        "dependencies": {
          "adler-32": "~1.2.0",
          "cfb": "^1.1.4",
          "codepage": "~1.14.0",
          "commander": "~2.17.1",
          "crc-32": "~1.2.0",
          "exit-on-epipe": "~1.0.1",
          "ssf": "~0.10.3",
          "wmf": "~1.0.1"
        },
        "bin": {
          "xlsx": "bin/xlsx.njs"
        },
        "engines": {
          "node": ">=0.8"
        }
      },
      "node_modules/ssf": {
        "version": "0.10.3",
        "resolved": "https://registry.npmjs.org/ssf/-/ssf-0.10.3.tgz",
        "integrity": "sha512-pRuUdW0WwyB2doSqqjWyzwCD6PkfxpHAHdZp39K3dp/Hq7f+xfMwNAWIi16DyrRg4gg9c/RvLYkJTSawTPTm1w==",
        "dependencies": {
          "frac": "~1.1.2"
        },
        "bin": {
          "ssf": "bin/ssf.njs"
        },
        "engines": {
          "node": ">=0.8"
        }
      },
      "node_modules/url-exist": {
        "version": "3.0.1",
        "resolved": "https://registry.npmjs.org/url-exist/-/url-exist-3.0.1.tgz",
        "integrity": "sha512-37KEE2gj60C4hTh2mGkFeqODO2KVG9TOJWpE3sOLEeLGt/p50VxemPiJ30v4m1dcw/wDEGUpYcmBV2e8jM5/FA==",
        "dependencies": {
          "is-url-superb": "^6.1.0",
          "ky": "^0.27.0",
          "ky-universal": "^0.10.1"
        },
        "engines": {
          "node": ">=14.8"
        }
      },
      "node_modules/web-streams-polyfill": {
        "version": "3.2.1",
        "resolved": "https://registry.npmjs.org/web-streams-polyfill/-/web-streams-polyfill-3.2.1.tgz",
        "integrity": "sha512-e0MO3wdXWKrLbL0DgGnUV7WHVuw9OUvL4hjgnPkIeEvESk74gAITi5G606JtZPp39cd8HA9VQzCIvA49LpPN5Q==",
        "engines": {
          "node": ">= 8"
        }
      },
      "node_modules/wmf": {
        "version": "1.0.2",
        "resolved": "https://registry.npmjs.org/wmf/-/wmf-1.0.2.tgz",
        "integrity": "sha512-/p9K7bEh0Dj6WbXg4JG0xvLQmIadrner1bi45VMJTfnbVHsc7yIajZyoSoK60/dtVBs12Fm6WkUI5/3WAVsNMw==",
        "engines": {
          "node": ">=0.8"
        }
      }
    },
    "dependencies": {
      "abort-controller": {
        "version": "3.0.0",
        "resolved": "https://registry.npmjs.org/abort-controller/-/abort-controller-3.0.0.tgz",
        "integrity": "sha512-h8lQ8tacZYnR3vNQTgibj+tODHI5/+l06Au2Pcriv/Gmet0eaj4TwWH41sO9wnHDiQsEj19q0drzdWdeAHtweg==",
        "requires": {
          "event-target-shim": "^5.0.0"
        }
      },
      "adler-32": {
        "version": "1.2.0",
        "resolved": "https://registry.npmjs.org/adler-32/-/adler-32-1.2.0.tgz",
        "integrity": "sha512-/vUqU/UY4MVeFsg+SsK6c+/05RZXIHZMGJA+PX5JyWI0ZRcBpupnRuPLU/NXXoFwMYCPCoxIfElM2eS+DUXCqQ==",
        "requires": {
          "exit-on-epipe": "~1.0.1",
          "printj": "~1.1.0"
        }
      },
      "cfb": {
        "version": "1.2.2",
        "resolved": "https://registry.npmjs.org/cfb/-/cfb-1.2.2.tgz",
        "integrity": "sha512-KfdUZsSOw19/ObEWasvBP/Ac4reZvAGauZhs6S/gqNhXhI7cKwvlH7ulj+dOEYnca4bm4SGo8C1bTAQvnTjgQA==",
        "requires": {
          "adler-32": "~1.3.0",
          "crc-32": "~1.2.0"
        },
        "dependencies": {
          "adler-32": {
            "version": "1.3.1",
            "resolved": "https://registry.npmjs.org/adler-32/-/adler-32-1.3.1.tgz",
            "integrity": "sha512-ynZ4w/nUUv5rrsR8UUGoe1VC9hZj6V5hU9Qw1HlMDJGEJw5S7TfTErWTjMys6M7vr0YWcPqs3qAr4ss0nDfP+A=="
          }
        }
      },
      "codepage": {
        "version": "1.14.0",
        "resolved": "https://registry.npmjs.org/codepage/-/codepage-1.14.0.tgz",
        "integrity": "sha512-iz3zJLhlrg37/gYRWgEPkaFTtzmnEv1h+r7NgZum2lFElYQPi0/5bnmuDfODHxfp0INEfnRqyfyeIJDbb7ahRw==",
        "requires": {
          "commander": "~2.14.1",
          "exit-on-epipe": "~1.0.1"
        },
        "dependencies": {
          "commander": {
            "version": "2.14.1",
            "resolved": "https://registry.npmjs.org/commander/-/commander-2.14.1.tgz",
            "integrity": "sha512-+YR16o3rK53SmWHU3rEM3tPAh2rwb1yPcQX5irVn7mb0gXbwuCCrnkbV5+PBfETdfg1vui07nM6PCG1zndcjQw=="
          }
        }
      },
      "commander": {
        "version": "2.17.1",
        "resolved": "https://registry.npmjs.org/commander/-/commander-2.17.1.tgz",
        "integrity": "sha512-wPMUt6FnH2yzG95SA6mzjQOEKUU3aLaDEmzs1ti+1E9h+CsrZghRlqEM/EJ4KscsQVG8uNN4uVreUeT8+drlgg=="
      },
      "crc-32": {
        "version": "1.2.2",
        "resolved": "https://registry.npmjs.org/crc-32/-/crc-32-1.2.2.tgz",
        "integrity": "sha512-ROmzCKrTnOwybPcJApAA6WBWij23HVfGVNKqqrZpuyZOHqK2CwHSvpGuyt/UNNvaIjEd8X5IFGp4Mh+Ie1IHJQ=="
      },
      "data-uri-to-buffer": {
        "version": "4.0.1",
        "resolved": "https://registry.npmjs.org/data-uri-to-buffer/-/data-uri-to-buffer-4.0.1.tgz",
        "integrity": "sha512-0R9ikRb668HB7QDxT1vkpuUBtqc53YyAwMwGeUFKRojY/NWKvdZ+9UYtRfGmhqNbRkTSVpMbmyhXipFFv2cb/A=="
      },
      "event-target-shim": {
        "version": "5.0.1",
        "resolved": "https://registry.npmjs.org/event-target-shim/-/event-target-shim-5.0.1.tgz",
        "integrity": "sha512-i/2XbnSz/uxRCU6+NdVJgKWDTM427+MqYbkQzD321DuCQJUqOuJKIA0IM2+W2xtYHdKOmZ4dR6fExsd4SXL+WQ=="
      },
      "exit-on-epipe": {
        "version": "1.0.1",
        "resolved": "https://registry.npmjs.org/exit-on-epipe/-/exit-on-epipe-1.0.1.tgz",
        "integrity": "sha512-h2z5mrROTxce56S+pnvAV890uu7ls7f1kEvVGJbw1OlFH3/mlJ5bkXu0KRyW94v37zzHPiUd55iLn3DA7TjWpw=="
      },
      "fetch-blob": {
        "version": "3.2.0",
        "resolved": "https://registry.npmjs.org/fetch-blob/-/fetch-blob-3.2.0.tgz",
        "integrity": "sha512-7yAQpD2UMJzLi1Dqv7qFYnPbaPx7ZfFK6PiIxQ4PfkGPyNyl2Ugx+a/umUonmKqjhM4DnfbMvdX6otXq83soQQ==",
        "requires": {
          "node-domexception": "^1.0.0",
          "web-streams-polyfill": "^3.0.3"
        }
      },
      "file-saver": {
        "version": "2.0.5",
        "resolved": "https://registry.npmjs.org/file-saver/-/file-saver-2.0.5.tgz",
        "integrity": "sha512-P9bmyZ3h/PRG+Nzga+rbdI4OEpNDzAVyy74uVO9ATgzLK6VtAsYybF/+TOCvrc0MO793d6+42lLyZTw7/ArVzA=="
      },
      "formdata-polyfill": {
        "version": "4.0.10",
        "resolved": "https://registry.npmjs.org/formdata-polyfill/-/formdata-polyfill-4.0.10.tgz",
        "integrity": "sha512-buewHzMvYL29jdeQTVILecSaZKnt/RJWjoZCF5OW60Z67/GmSLBkOFM7qh1PI3zFNtJbaZL5eQu1vLfazOwj4g==",
        "requires": {
          "fetch-blob": "^3.1.2"
        }
      },
      "frac": {
        "version": "1.1.2",
        "resolved": "https://registry.npmjs.org/frac/-/frac-1.1.2.tgz",
        "integrity": "sha512-w/XBfkibaTl3YDqASwfDUqkna4Z2p9cFSr1aHDt0WoMTECnRfBOv2WArlZILlqgWlmdIlALXGpM2AOhEk5W3IA=="
      },
      "is-url-superb": {
        "version": "6.1.0",
        "resolved": "https://registry.npmjs.org/is-url-superb/-/is-url-superb-6.1.0.tgz",
        "integrity": "sha512-LXdhGlYqUPdvEyIhWPEEwYYK3yrUiPcBjmFGlZNv1u5GtIL5qQRf7ddDyPNAvsMFqdzS923FROpTQU97tLe3JQ=="
      },
      "isodate": {
        "version": "0.1.4",
        "resolved": "https://registry.npmjs.org/isodate/-/isodate-0.1.4.tgz",
        "integrity": "sha512-x+k+rE/TIrSjvZZC22vxOBkus8psZwPyry1fpbO86p+0VxTAIpc4dhEc0U+DKPYnoGujOUXgIHXOyBgXTB1TIg=="
      },
      "js-tokens": {
        "version": "4.0.0",
        "resolved": "https://registry.npmjs.org/js-tokens/-/js-tokens-4.0.0.tgz",
        "integrity": "sha512-RdJUflcE3cUzKiMqQgsCu06FPu9UdIJO0beYbPhHN4k6apgJtifcoCtT9bcxOpYBtpD2kCM6Sbzg4CausW/PKQ==",
        "peer": true
      },
      "ky": {
        "version": "0.27.0",
        "resolved": "https://registry.npmjs.org/ky/-/ky-0.27.0.tgz",
        "integrity": "sha512-pgaBuB6wI9DdMSOZBVh2WkcbkAdEG5AUEWuNhtThu6FLIpDbzqzC/fSMmqr/j1wwQyW3SP3KGau7EbzWNkQ/yg=="
      },
      "ky-universal": {
        "version": "0.10.1",
        "resolved": "https://registry.npmjs.org/ky-universal/-/ky-universal-0.10.1.tgz",
        "integrity": "sha512-r8909k+ELKZAxhVA5c440x22hqw5XcMRwLRbgpPQk4JHy3/ddJnvzcnSo5Ww3HdKdNeS3Y8dBgcIYyVahMa46g==",
        "requires": {
          "abort-controller": "^3.0.0",
          "node-fetch": "^3.2.2"
        }
      },
      "loose-envify": {
        "version": "1.4.0",
        "resolved": "https://registry.npmjs.org/loose-envify/-/loose-envify-1.4.0.tgz",
        "integrity": "sha512-lyuxPGr/Wfhrlem2CL/UcnUc1zcqKAImBDzukY7Y5F/yQiNdko6+fRLevlw1HgMySw7f611UIY408EtxRSoK3Q==",
        "peer": true,
        "requires": {
          "js-tokens": "^3.0.0 || ^4.0.0"
        }
      },
      "node-domexception": {
        "version": "1.0.0",
        "resolved": "https://registry.npmjs.org/node-domexception/-/node-domexception-1.0.0.tgz",
        "integrity": "sha512-/jKZoMpw0F8GRwl4/eLROPA3cfcXtLApP0QzLmUT/HuPCZWyB7IY9ZrMeKw2O/nFIqPQB3PVM9aYm0F312AXDQ=="
      },
      "node-fetch": {
        "version": "3.3.1",
        "resolved": "https://registry.npmjs.org/node-fetch/-/node-fetch-3.3.1.tgz",
        "integrity": "sha512-cRVc/kyto/7E5shrWca1Wsea4y6tL9iYJE5FBCius3JQfb/4P4I295PfhgbJQBLTx6lATE4z+wK0rPM4VS2uow==",
        "requires": {
          "data-uri-to-buffer": "^4.0.0",
          "fetch-blob": "^3.1.4",
          "formdata-polyfill": "^4.0.10"
        }
      },
      "printj": {
        "version": "1.1.2",
        "resolved": "https://registry.npmjs.org/printj/-/printj-1.1.2.tgz",
        "integrity": "sha512-zA2SmoLaxZyArQTOPj5LXecR+RagfPSU5Kw1qP+jkWeNlrq+eJZyY2oS68SU1Z/7/myXM4lo9716laOFAVStCQ=="
      },
      "react": {
        "version": "18.2.0",
        "resolved": "https://registry.npmjs.org/react/-/react-18.2.0.tgz",
        "integrity": "sha512-/3IjMdb2L9QbBdWiW5e3P2/npwMBaU9mHCSCUzNln0ZCYbcfTsGbTJrU/kGemdH2IWmB2ioZ+zkxtmq6g09fGQ==",
        "peer": true,
        "requires": {
          "loose-envify": "^1.1.0"
        }
      },
      "react-dom": {
        "version": "18.2.0",
        "resolved": "https://registry.npmjs.org/react-dom/-/react-dom-18.2.0.tgz",
        "integrity": "sha512-6IMTriUmvsjHUjNtEDudZfuDQUoWXVxKHhlEGSk81n4YFS+r/Kl99wXiwlVXtPBtJenozv2P+hxDsw9eA7Xo6g==",
        "peer": true,
        "requires": {
          "loose-envify": "^1.1.0",
          "scheduler": "^0.23.0"
        }
      },
      "react-idle-timer": {
        "version": "5.7.2",
        "resolved": "https://registry.npmjs.org/react-idle-timer/-/react-idle-timer-5.7.2.tgz",
        "integrity": "sha512-+BaPfc7XEUU5JFkwZCx6fO1bLVK+RBlFH+iY4X34urvIzZiZINP6v2orePx3E6pAztJGE7t4DzvL7if2SL/0GQ==",
        "requires": {}
      },
      "scheduler": {
        "version": "0.23.0",
        "resolved": "https://registry.npmjs.org/scheduler/-/scheduler-0.23.0.tgz",
        "integrity": "sha512-CtuThmgHNg7zIZWAXi3AsyIzA3n4xx7aNyjwC2VJldO2LMVDhFK+63xGqq6CsJH4rTAt6/M+N4GhZiDYPx9eUw==",
        "peer": true,
        "requires": {
          "loose-envify": "^1.1.0"
        }
      },
      "sheetjs-style": {
        "version": "0.15.8",
        "resolved": "https://registry.npmjs.org/sheetjs-style/-/sheetjs-style-0.15.8.tgz",
        "integrity": "sha512-/wRiwnq5ck7aO+zLBs+u5JqQK4agUTIGCS0nxgaMjFl6XdlVaaB/RNJcP6S6Efj3+RYbSZuAoyqmSnbzxfT7Kg==",
        "requires": {
          "adler-32": "~1.2.0",
          "cfb": "^1.1.4",
          "codepage": "~1.14.0",
          "commander": "~2.17.1",
          "crc-32": "~1.2.0",
          "exit-on-epipe": "~1.0.1",
          "ssf": "~0.10.3",
          "wmf": "~1.0.1"
        }
      },
      "ssf": {
        "version": "0.10.3",
        "resolved": "https://registry.npmjs.org/ssf/-/ssf-0.10.3.tgz",
        "integrity": "sha512-pRuUdW0WwyB2doSqqjWyzwCD6PkfxpHAHdZp39K3dp/Hq7f+xfMwNAWIi16DyrRg4gg9c/RvLYkJTSawTPTm1w==",
        "requires": {
          "frac": "~1.1.2"
        }
      },
      "url-exist": {
        "version": "3.0.1",
        "resolved": "https://registry.npmjs.org/url-exist/-/url-exist-3.0.1.tgz",
        "integrity": "sha512-37KEE2gj60C4hTh2mGkFeqODO2KVG9TOJWpE3sOLEeLGt/p50VxemPiJ30v4m1dcw/wDEGUpYcmBV2e8jM5/FA==",
        "requires": {
          "is-url-superb": "^6.1.0",
          "ky": "^0.27.0",
          "ky-universal": "^0.10.1"
        }
      },
      "web-streams-polyfill": {
        "version": "3.2.1",
        "resolved": "https://registry.npmjs.org/web-streams-polyfill/-/web-streams-polyfill-3.2.1.tgz",
        "integrity": "sha512-e0MO3wdXWKrLbL0DgGnUV7WHVuw9OUvL4hjgnPkIeEvESk74gAITi5G606JtZPp39cd8HA9VQzCIvA49LpPN5Q=="
      },
      "wmf": {
        "version": "1.0.2",
        "resolved": "https://registry.npmjs.org/wmf/-/wmf-1.0.2.tgz",
        "integrity": "sha512-/p9K7bEh0Dj6WbXg4JG0xvLQmIadrner1bi45VMJTfnbVHsc7yIajZyoSoK60/dtVBs12Fm6WkUI5/3WAVsNMw=="
      }
    }
  }
  